github.com/spandigital/presidium-theme-pdf v0.0.0-20201119081406-58ec420bb04c h1:zeqg95xvBJ8JZC0jzbnq1N1dkRd2O7XluXGn2iQ6OxY=
github.com/spandigital/presidium-theme-pdf v0.0.0-20201119081406-58ec420bb04c/go.mod h1:wM/l5y9niSfBtj53PGsQEBOLhDzdBykRGyVse3VVkqY=
github.com/spandigital/presidium-theme-website v0.0.0-20210218063915-1f7fcabcdb91 h1:7F8ISRnhm3vMb4tGDPlk/XsCVDxIPz8Oya0Rcb5ZBoI=
github.com/spandigital/presidium-theme-website v0.0.0-20210218063915-1f7fcabcdb91/go.mod h1:j3bm9aRciRtJxAcI/x57I0iWZqXOjFYYsAxNaSagdQY=
