github.com/spandigital/presidium-theme-pdf v0.0.0-20201119081406-58ec420bb04c h1:zeqg95xvBJ8JZC0jzbnq1N1dkRd2O7XluXGn2iQ6OxY=
github.com/spandigital/presidium-theme-pdf v0.0.0-20201119081406-58ec420bb04c/go.mod h1:wM/l5y9niSfBtj53PGsQEBOLhDzdBykRGyVse3VVkqY=
github.com/spandigital/presidium-theme-website v0.0.0-20210125091821-4883c546e838 h1:pmgxtPysPkGPbhXOKvP5Wdsq6mAJc4++FHkx9HW/EKU=
github.com/spandigital/presidium-theme-website v0.0.0-20210125091821-4883c546e838/go.mod h1:j3bm9aRciRtJxAcI/x57I0iWZqXOjFYYsAxNaSagdQY=
